// !$*UTF8*$!
{
	archiveVersion = 1;
	classes = {
	};
	objectVersion = 50;
	objects = {

/* Begin PBXBuildFile section */
		3280C1C622198AD400D5164B /* PlanetViewCell.swift in Sources */ = {isa = PBXBuildFile; fileRef = 3280C1C522198AD400D5164B /* PlanetViewCell.swift */; };
		32C633512219308500625241 /* AppDelegate.swift in Sources */ = {isa = PBXBuildFile; fileRef = 32C633502219308500625241 /* AppDelegate.swift */; };
		32C633562219308500625241 /* Main.storyboard in Resources */ = {isa = PBXBuildFile; fileRef = 32C633542219308500625241 /* Main.storyboard */; };
		32C633582219308500625241 /* Assets.xcassets in Resources */ = {isa = PBXBuildFile; fileRef = 32C633572219308500625241 /* Assets.xcassets */; };
		32C6335B2219308500625241 /* LaunchScreen.storyboard in Resources */ = {isa = PBXBuildFile; fileRef = 32C633592219308500625241 /* LaunchScreen.storyboard */; };
		32C63363221930B300625241 /* Planets.swift in Sources */ = {isa = PBXBuildFile; fileRef = 32C63362221930B300625241 /* Planets.swift */; };
		32C63365221932EB00625241 /* PlanetPresentationViewController.swift in Sources */ = {isa = PBXBuildFile; fileRef = 32C63364221932EB00625241 /* PlanetPresentationViewController.swift */; };
		32C633682219350E00625241 /* StarsParticles.scnp in Resources */ = {isa = PBXBuildFile; fileRef = 32C633662219350E00625241 /* StarsParticles.scnp */; };
		32C633692219350E00625241 /* stars.png in Resources */ = {isa = PBXBuildFile; fileRef = 32C633672219350E00625241 /* stars.png */; };
		32C6336B2219370B00625241 /* PlanetNode.swift in Sources */ = {isa = PBXBuildFile; fileRef = 32C6336A2219370B00625241 /* PlanetNode.swift */; };
		32C6337222195CBD00625241 /* PlanetsListTableViewController.swift in Sources */ = {isa = PBXBuildFile; fileRef = 32C6337122195CBD00625241 /* PlanetsListTableViewController.swift */; };
/* End PBXBuildFile section */

/* Begin PBXFileReference section */
		3280C1C522198AD400D5164B /* PlanetViewCell.swift */ = {isa = PBXFileReference; lastKnownFileType = sourcecode.swift; path = PlanetViewCell.swift; sourceTree = "<group>"; };
		32C6334D2219308500625241 /* Solar System Lab.app */ = {isa = PBXFileReference; explicitFileType = wrapper.application; includeInIndex = 0; path = "Solar System Lab.app"; sourceTree = BUILT_PRODUCTS_DIR; };
		32C633502219308500625241 /* AppDelegate.swift */ = {isa = PBXFileReference; lastKnownFileType = sourcecode.swift; path = AppDelegate.swift; sourceTree = "<group>"; };
		32C633552219308500625241 /* Base */ = {isa = PBXFileReference; lastKnownFileType = file.storyboard; name = Base; path = Base.lproj/Main.storyboard; sourceTree = "<group>"; };
		32C633572219308500625241 /* Assets.xcassets */ = {isa = PBXFileReference; lastKnownFileType = folder.assetcatalog; path = Assets.xcassets; sourceTree = "<group>"; };
		32C6335A2219308500625241 /* Base */ = {isa = PBXFileReference; lastKnownFileType = file.storyboard; name = Base; path = Base.lproj/LaunchScreen.storyboard; sourceTree = "<group>"; };
		32C6335C2219308500625241 /* Info.plist */ = {isa = PBXFileReference; lastKnownFileType = text.plist.xml; path = Info.plist; sourceTree = "<group>"; };
		32C63362221930B300625241 /* Planets.swift */ = {isa = PBXFileReference; lastKnownFileType = sourcecode.swift; path = Planets.swift; sourceTree = "<group>"; };
		32C63364221932EB00625241 /* PlanetPresentationViewController.swift */ = {isa = PBXFileReference; lastKnownFileType = sourcecode.swift; path = PlanetPresentationViewController.swift; sourceTree = "<group>"; };
		32C633662219350E00625241 /* StarsParticles.scnp */ = {isa = PBXFileReference; lastKnownFileType = file.scp; path = StarsParticles.scnp; sourceTree = "<group>"; };
		32C633672219350E00625241 /* stars.png */ = {isa = PBXFileReference; lastKnownFileType = image.png; path = stars.png; sourceTree = "<group>"; };
		32C6336A2219370B00625241 /* PlanetNode.swift */ = {isa = PBXFileReference; lastKnownFileType = sourcecode.swift; path = PlanetNode.swift; sourceTree = "<group>"; };
		32C6337122195CBD00625241 /* PlanetsListTableViewController.swift */ = {isa = PBXFileReference; lastKnownFileType = sourcecode.swift; path = PlanetsListTableViewController.swift; sourceTree = "<group>"; };
/* End PBXFileReference section */

/* Begin PBXFrameworksBuildPhase section */
		32C6334A2219308500625241 /* Frameworks */ = {
			isa = PBXFrameworksBuildPhase;
			buildActionMask = 2147483647;
			files = (
			);
			runOnlyForDeploymentPostprocessing = 0;
		};
/* End PBXFrameworksBuildPhase section */

/* Begin PBXGroup section */
		3280C1C72219A08700D5164B /* Models */ = {
			isa = PBXGroup;
			children = (
				3280C1C522198AD400D5164B /* PlanetViewCell.swift */,
				32C6336A2219370B00625241 /* PlanetNode.swift */,
				32C63362221930B300625241 /* Planets.swift */,
			);
			path = Models;
			sourceTree = "<group>";
		};
		32C633442219308500625241 = {
			isa = PBXGroup;
			children = (
				32C6334F2219308500625241 /* Solar System Lab */,
				32C6334E2219308500625241 /* Products */,
			);
			sourceTree = "<group>";
		};
		32C6334E2219308500625241 /* Products */ = {
			isa = PBXGroup;
			children = (
				32C6334D2219308500625241 /* Solar System Lab.app */,
			);
			name = Products;
			sourceTree = "<group>";
		};
		32C6334F2219308500625241 /* Solar System Lab */ = {
			isa = PBXGroup;
			children = (
				3280C1C72219A08700D5164B /* Models */,
				32C6336E221950C400625241 /* Controllers */,
				32C6336C22194FDA00625241 /* Resources */,
				32C6336D2219504200625241 /* View */,
				32C6335C2219308500625241 /* Info.plist */,
			);
			path = "Solar System Lab";
			sourceTree = "<group>";
		};
		32C6336C22194FDA00625241 /* Resources */ = {
			isa = PBXGroup;
			children = (
				32C633502219308500625241 /* AppDelegate.swift */,
				32C633572219308500625241 /* Assets.xcassets */,
			);
			path = Resources;
			sourceTree = "<group>";
		};
		32C6336D2219504200625241 /* View */ = {
			isa = PBXGroup;
			children = (
				32C633662219350E00625241 /* StarsParticles.scnp */,
				32C633672219350E00625241 /* stars.png */,
				32C633542219308500625241 /* Main.storyboard */,
				32C633592219308500625241 /* LaunchScreen.storyboard */,
			);
			path = View;
			sourceTree = "<group>";
		};
		32C6336E221950C400625241 /* Controllers */ = {
			isa = PBXGroup;
			children = (
				32C63364221932EB00625241 /* PlanetPresentationViewController.swift */,
				32C6337122195CBD00625241 /* PlanetsListTableViewController.swift */,
			);
			path = Controllers;
			sourceTree = "<group>";
		};
/* End PBXGroup section */

/* Begin PBXNativeTarget section */
		32C6334C2219308500625241 /* Solar System Lab */ = {
			isa = PBXNativeTarget;
			buildConfigurationList = 32C6335F2219308500625241 /* Build configuration list for PBXNativeTarget "Solar System Lab" */;
			buildPhases = (
				32C633492219308500625241 /* Sources */,
				32C6334A2219308500625241 /* Frameworks */,
				32C6334B2219308500625241 /* Resources */,
			);
			buildRules = (
			);
			dependencies = (
			);
			name = "Solar System Lab";
			productName = "Solar System Lab";
			productReference = 32C6334D2219308500625241 /* Solar System Lab.app */;
			productType = "com.apple.product-type.application";
		};
/* End PBXNativeTarget section */

/* Begin PBXProject section */
		32C633452219308500625241 /* Project object */ = {
			isa = PBXProject;
			attributes = {
				LastSwiftUpdateCheck = 1010;
				LastUpgradeCheck = 1010;
				ORGANIZATIONNAME = "Dmitry Novosyolov";
				TargetAttributes = {
					32C6334C2219308500625241 = {
						CreatedOnToolsVersion = 10.1;
					};
				};
			};
			buildConfigurationList = 32C633482219308500625241 /* Build configuration list for PBXProject "Solar System Lab" */;
			compatibilityVersion = "Xcode 9.3";
			developmentRegion = en;
			hasScannedForEncodings = 0;
			knownRegions = (
				en,
				Base,
			);
			mainGroup = 32C633442219308500625241;
			productRefGroup = 32C6334E2219308500625241 /* Products */;
			projectDirPath = "";
			projectRoot = "";
			targets = (
				32C6334C2219308500625241 /* Solar System Lab */,
			);
		};
/* End PBXProject section */

/* Begin PBXResourcesBuildPhase section */
		32C6334B2219308500625241 /* Resources */ = {
			isa = PBXResourcesBuildPhase;
			buildActionMask = 2147483647;
			files = (
				32C6335B2219308500625241 /* LaunchScreen.storyboard in Resources */,
				32C633692219350E00625241 /* stars.png in Resources */,
				32C633582219308500625241 /* Assets.xcassets in Resources */,
				32C633682219350E00625241 /* StarsParticles.scnp in Resources */,
				32C633562219308500625241 /* Main.storyboard in Resources */,
			);
			runOnlyForDeploymentPostprocessing = 0;
		};
/* End PBXResourcesBuildPhase section */

/* Begin PBXSourcesBuildPhase section */
		32C633492219308500625241 /* Sources */ = {
			isa = PBXSourcesBuildPhase;
			buildActionMask = 2147483647;
			files = (
				32C63365221932EB00625241 /* PlanetPresentationViewController.swift in Sources */,
				32C6336B2219370B00625241 /* PlanetNode.swift in Sources */,
				3280C1C622198AD400D5164B /* PlanetViewCell.swift in Sources */,
				32C633512219308500625241 /* AppDelegate.swift in Sources */,
				32C63363221930B300625241 /* Planets.swift in Sources */,
				32C6337222195CBD00625241 /* PlanetsListTableViewController.swift in Sources */,
			);
			runOnlyForDeploymentPostprocessing = 0;
		};
/* End PBXSourcesBuildPhase section */

/* Begin PBXVariantGroup section */
		32C633542219308500625241 /* Main.storyboard */ = {
			isa = PBXVariantGroup;
			children = (
				32C633552219308500625241 /* Base */,
			);
			name = Main.storyboard;
			sourceTree = "<group>";
		};
		32C633592219308500625241 /* LaunchScreen.storyboard */ = {
			isa = PBXVariantGroup;
			children = (
				32C6335A2219308500625241 /* Base */,
			);
			name = LaunchScreen.storyboard;
			sourceTree = "<group>";
		};
/* End PBXVariantGroup section */

/* Begin XCBuildConfiguration section */
		32C6335D2219308500625241 /* Debug */ = {
			isa = XCBuildConfiguration;
			buildSettings = {
				ALWAYS_SEARCH_USER_PATHS = NO;
				CLANG_ANALYZER_NONNULL = YES;
				CLANG_ANALYZER_NUMBER_OBJECT_CONVERSION = YES_AGGRESSIVE;
				CLANG_CXX_LANGUAGE_STANDARD = "gnu++14";
				CLANG_CXX_LIBRARY = "libc++";
				CLANG_ENABLE_MODULES = YES;
				CLANG_ENABLE_OBJC_ARC = YES;
				CLANG_ENABLE_OBJC_WEAK = YES;
				CLANG_WARN_BLOCK_CAPTURE_AUTORELEASING = YES;
				CLANG_WARN_BOOL_CONVERSION = YES;
				CLANG_WARN_COMMA = YES;
				CLANG_WARN_CONSTANT_CONVERSION = YES;
				CLANG_WARN_DEPRECATED_OBJC_IMPLEMENTATIONS = YES;
				CLANG_WARN_DIRECT_OBJC_ISA_USAGE = YES_ERROR;
				CLANG_WARN_DOCUMENTATION_COMMENTS = YES;
				CLANG_WARN_EMPTY_BODY = YES;
				CLANG_WARN_ENUM_CONVERSION = YES;
				CLANG_WARN_INFINITE_RECURSION = YES;
				CLANG_WARN_INT_CONVERSION = YES;
				CLANG_WARN_NON_LITERAL_NULL_CONVERSION = YES;
				CLANG_WARN_OBJC_IMPLICIT_RETAIN_SELF = YES;
				CLANG_WARN_OBJC_LITERAL_CONVERSION = YES;
				CLANG_WARN_OBJC_ROOT_CLASS = YES_ERROR;
				CLANG_WARN_RANGE_LOOP_ANALYSIS = YES;
				CLANG_WARN_STRICT_PROTOTYPES = YES;
				CLANG_WARN_SUSPICIOUS_MOVE = YES;
				CLANG_WARN_UNGUARDED_AVAILABILITY = YES_AGGRESSIVE;
				CLANG_WARN_UNREACHABLE_CODE = YES;
				CLANG_WARN__DUPLICATE_METHOD_MATCH = YES;
				CODE_SIGN_IDENTITY = "iPhone Developer";
				COPY_PHASE_STRIP = NO;
				DEBUG_INFORMATION_FORMAT = dwarf;
				ENABLE_STRICT_OBJC_MSGSEND = YES;
				ENABLE_TESTABILITY = YES;
				GCC_C_LANGUAGE_STANDARD = gnu11;
				GCC_DYNAMIC_NO_PIC = NO;
				GCC_NO_COMMON_BLOCKS = YES;
				GCC_OPTIMIZATION_LEVEL = 0;
				GCC_PREPROCESSOR_DEFINITIONS = (
					"DEBUG=1",
					"$(inherited)",
				);
				GCC_WARN_64_TO_32_BIT_CONVERSION = YES;
				GCC_WARN_ABOUT_RETURN_TYPE = YES_ERROR;
				GCC_WARN_UNDECLARED_SELECTOR = YES;
				GCC_WARN_UNINITIALIZED_AUTOS = YES_AGGRESSIVE;
				GCC_WARN_UNUSED_FUNCTION = YES;
				GCC_WARN_UNUSED_VARIABLE = YES;
				IPHONEOS_DEPLOYMENT_TARGET = 12.1;
				MTL_ENABLE_DEBUG_INFO = INCLUDE_SOURCE;
				MTL_FAST_MATH = YES;
				ONLY_ACTIVE_ARCH = YES;
				SDKROOT = iphoneos;
				SWIFT_ACTIVE_COMPILATION_CONDITIONS = DEBUG;
				SWIFT_OPTIMIZATION_LEVEL = "-Onone";
			};
			name = Debug;
		};
		32C6335E2219308500625241 /* Release */ = {
			isa = XCBuildConfiguration;
			buildSettings = {
				ALWAYS_SEARCH_USER_PATHS = NO;
				CLANG_ANALYZER_NONNULL = YES;
				CLANG_ANALYZER_NUMBER_OBJECT_CONVERSION = YES_AGGRESSIVE;
				CLANG_CXX_LANGUAGE_STANDARD = "gnu++14";
				CLANG_CXX_LIBRARY = "libc++";
				CLANG_ENABLE_MODULES = YES;
				CLANG_ENABLE_OBJC_ARC = YES;
				CLANG_ENABLE_OBJC_WEAK = YES;
				CLANG_WARN_BLOCK_CAPTURE_AUTORELEASING = YES;
				CLANG_WARN_BOOL_CONVERSION = YES;
				CLANG_WARN_COMMA = YES;
				CLANG_WARN_CONSTANT_CONVERSION = YES;
				CLANG_WARN_DEPRECATED_OBJC_IMPLEMENTATIONS = YES;
				CLANG_WARN_DIRECT_OBJC_ISA_USAGE = YES_ERROR;
				CLANG_WARN_DOCUMENTATION_COMMENTS = YES;
				CLANG_WARN_EMPTY_BODY = YES;
				CLANG_WARN_ENUM_CONVERSION = YES;
				CLANG_WARN_INFINITE_RECURSION = YES;
				CLANG_WARN_INT_CONVERSION = YES;
				CLANG_WARN_NON_LITERAL_NULL_CONVERSION = YES;
				CLANG_WARN_OBJC_IMPLICIT_RETAIN_SELF = YES;
				CLANG_WARN_OBJC_LITERAL_CONVERSION = YES;
				CLANG_WARN_OBJC_ROOT_CLASS = YES_ERROR;
				CLANG_WARN_RANGE_LOOP_ANALYSIS = YES;
				CLANG_WARN_STRICT_PROTOTYPES = YES;
				CLANG_WARN_SUSPICIOUS_MOVE = YES;
				CLANG_WARN_UNGUARDED_AVAILABILITY = YES_AGGRESSIVE;
				CLANG_WARN_UNREACHABLE_CODE = YES;
				CLANG_WARN__DUPLICATE_METHOD_MATCH = YES;
				CODE_SIGN_IDENTITY = "iPhone Developer";
				COPY_PHASE_STRIP = NO;
				DEBUG_INFORMATION_FORMAT = "dwarf-with-dsym";
				ENABLE_NS_ASSERTIONS = NO;
				ENABLE_STRICT_OBJC_MSGSEND = YES;
				GCC_C_LANGUAGE_STANDARD = gnu11;
				GCC_NO_COMMON_BLOCKS = YES;
				GCC_WARN_64_TO_32_BIT_CONVERSION = YES;
				GCC_WARN_ABOUT_RETURN_TYPE = YES_ERROR;
				GCC_WARN_UNDECLARED_SELECTOR = YES;
				GCC_WARN_UNINITIALIZED_AUTOS = YES_AGGRESSIVE;
				GCC_WARN_UNUSED_FUNCTION = YES;
				GCC_WARN_UNUSED_VARIABLE = YES;
				IPHONEOS_DEPLOYMENT_TARGET = 12.1;
				MTL_ENABLE_DEBUG_INFO = NO;
				MTL_FAST_MATH = YES;
				SDKROOT = iphoneos;
				SWIFT_COMPILATION_MODE = wholemodule;
				SWIFT_OPTIMIZATION_LEVEL = "-O";
				VALIDATE_PRODUCT = YES;
			};
			name = Release;
		};
		32C633602219308500625241 /* Debug */ = {
			isa = XCBuildConfiguration;
			buildSettings = {
				ASSETCATALOG_COMPILER_APPICON_NAME = AppIcon;
				CODE_SIGN_STYLE = Automatic;
				DEVELOPMENT_TEAM = 3LF677RTA3;
				INFOPLIST_FILE = "Solar System Lab/Info.plist";
				LD_RUNPATH_SEARCH_PATHS = (
					"$(inherited)",
					"@executable_path/Frameworks",
				);
				PRODUCT_BUNDLE_IDENTIFIER = "learnSwift.Solar-System-Lab";
				PRODUCT_NAME = "$(TARGET_NAME)";
				SWIFT_VERSION = 4.2;
				TARGETED_DEVICE_FAMILY = "1,2";
			};
			name = Debug;
		};
		32C633612219308500625241 /* Release */ = {
			isa = XCBuildConfiguration;
			buildSettings = {
				ASSETCATALOG_COMPILER_APPICON_NAME = AppIcon;
				CODE_SIGN_STYLE = Automatic;
				DEVELOPMENT_TEAM = 3LF677RTA3;
				INFOPLIST_FILE = "Solar System Lab/Info.plist";
				LD_RUNPATH_SEARCH_PATHS = (
					"$(inherited)",
					"@executable_path/Frameworks",
				);
				PRODUCT_BUNDLE_IDENTIFIER = "learnSwift.Solar-System-Lab";
				PRODUCT_NAME = "$(TARGET_NAME)";
				SWIFT_VERSION = 4.2;
				TARGETED_DEVICE_FAMILY = "1,2";
			};
			name = Release;
		};
/* End XCBuildConfiguration section */

/* Begin XCConfigurationList section */
		32C633482219308500625241 /* Build configuration list for PBXProject "Solar System Lab" */ = {
			isa = XCConfigurationList;
			buildConfigurations = (
				32C6335D2219308500625241 /* Debug */,
				32C6335E2219308500625241 /* Release */,
			);
			defaultConfigurationIsVisible = 0;
			defaultConfigurationName = Release;
		};
		32C6335F2219308500625241 /* Build configuration list for PBXNativeTarget "Solar System Lab" */ = {
			isa = XCConfigurationList;
			buildConfigurations = (
				32C633602219308500625241 /* Debug */,
				32C633612219308500625241 /* Release */,
			);
			defaultConfigurationIsVisible = 0;
			defaultConfigurationName = Release;
		};
/* End XCConfigurationList section */
	};
	rootObject = 32C633452219308500625241 /* Project object */;
}
